{
  "name": "walk-filtered",
  "version": "2.8.5",
  "lockfileVersion": 3,
  "requires": true,
  "packages": {
    "": {
      "name": "walk-filtered",
      "version": "2.8.5",
      "license": "MIT",
      "dependencies": {
        "fs-iterator": "*",
        "fs-stats-spys": "*"
      },
      "devDependencies": {
        "@types/mocha": "*",
        "@types/node": "*",
        "fs-generate": "*",
        "pinkie-promise": "*",
        "rimraf2": "*",
        "starts-with": "*"
      },
      "engines": {
        "node": ">=0.8"
      }
    },
    "node_modules/@types/mocha": {
      "version": "10.0.10",
      "dev": true,
      "license": "MIT"
    },
    "node_modules/@types/node": {
      "version": "24.9.1",
      "dev": true,
      "license": "MIT",
      "dependencies": {
        "undici-types": "~7.16.0"
      }
    },
    "node_modules/async-compat": {
      "version": "1.7.2",
      "license": "MIT",
      "dependencies": {
        "is-error": "*",
        "is-promise": "*"
      },
      "engines": {
        "node": ">=0.8"
      }
    },
    "node_modules/fs-generate": {
      "version": "1.10.2",
      "dev": true,
      "license": "MIT",
      "dependencies": {
        "fs.realpath": "*",
        "graceful-fs": "*",
        "mkdirp-classic": "*",
        "pinkie-promise": "*",
        "queue-cb": "*",
        "rimraf2": "*"
      },
      "engines": {
        "node": ">=0.8"
      }
    },
    "node_modules/fs-iterator": {
      "version": "6.1.4",
      "license": "MIT",
      "dependencies": {
        "async-compat": "*",
        "fs.realpath": "*",
        "stack-base-iterator": "*"
      },
      "engines": {
        "node": ">=0.8"
      }
    },
    "node_modules/fs-stats-spys": {
      "version": "1.2.1",
      "license": "MIT",
      "engines": {
        "node": ">=0.8"
      }
    },
    "node_modules/fs.realpath": {
      "version": "1.0.0",
      "license": "ISC"
    },
    "node_modules/graceful-fs": {
      "version": "4.2.11",
      "dev": true,
      "license": "ISC"
    },
    "node_modules/is-error": {
      "version": "2.2.2",
      "license": "MIT"
    },
    "node_modules/is-promise": {
      "version": "4.0.0",
      "license": "MIT"
    },
    "node_modules/iterator-next-callback": {
      "version": "2.0.5",
      "license": "MIT",
      "dependencies": {
        "is-promise": "*"
      },
      "engines": {
        "node": ">=0.8"
      }
    },
    "node_modules/maximize-iterator": {
      "version": "4.0.7",
      "license": "MIT",
      "dependencies": {
        "async-compat": "*",
        "iterator-next-callback": "*"
      },
      "engines": {
        "node": ">=0.8"
      }
    },
    "node_modules/mkdirp-classic": {
      "version": "0.5.3",
      "dev": true,
      "license": "MIT"
    },
    "node_modules/pinkie": {
      "version": "2.0.4",
      "license": "MIT",
      "engines": {
        "node": ">=0.10.0"
      }
    },
    "node_modules/pinkie-promise": {
      "version": "2.0.1",
      "license": "MIT",
      "dependencies": {
        "pinkie": "^2.0.0"
      },
      "engines": {
        "node": ">=0.10.0"
      }
    },
    "node_modules/queue-cb": {
      "version": "1.5.6",
      "dev": true,
      "license": "MIT",
      "engines": {
        "node": ">=0.8"
      }
    },
    "node_modules/rimraf2": {
      "version": "2.8.2",
      "dev": true,
      "license": "ISC",
      "bin": {
        "rimraf2": "bin.js"
      },
      "peerDependencies": {
        "glob": "*"
      },
      "peerDependenciesMeta": {
        "glob": {
          "optional": true
        }
      }
    },
    "node_modules/stack-base-iterator": {
      "version": "2.1.5",
      "license": "MIT",
      "dependencies": {
        "async-compat": "*",
        "iterator-next-callback": "*",
        "maximize-iterator": "*",
        "pinkie-promise": "*"
      },
      "engines": {
        "node": ">=0.8"
      }
    },
    "node_modules/starts-with": {
      "version": "1.0.2",
      "dev": true,
      "license": "MIT"
    },
    "node_modules/undici-types": {
      "version": "7.16.0",
      "dev": true,
      "license": "MIT"
    }
  }
}
