{
  "name": "walk-filtered",
  "version": "2.6.17",
  "lockfileVersion": 3,
  "requires": true,
  "packages": {
    "": {
      "name": "walk-filtered",
      "version": "2.6.17",
      "license": "MIT",
      "dependencies": {
        "fs-iterator": "^5.2.18",
        "fs-stats-spys": "^1.1.12"
      },
      "devDependencies": {
        "@types/mocha": "*",
        "@types/node": "*",
        "fs-generate": "*",
        "pinkie-promise": "*",
        "rimraf2": "*",
        "starts-with": "*"
      },
      "engines": {
        "node": ">=0.8"
      }
    },
    "node_modules/@types/mocha": {
      "version": "10.0.10",
      "resolved": "https://registry.npmjs.org/@types/mocha/-/mocha-10.0.10.tgz",
      "integrity": "sha512-xPyYSz1cMPnJQhl0CLMH68j3gprKZaTjG3s5Vi+fDgx+uhG9NOXwbVt52eFS8ECyXhyKcjDLCBEqBExKuiZb7Q==",
      "dev": true,
      "license": "MIT"
    },
    "node_modules/@types/node": {
      "version": "22.10.8",
      "resolved": "https://registry.npmjs.org/@types/node/-/node-22.10.8.tgz",
      "integrity": "sha512-rk+QvAEGsbX/ZPiiyel6hJHNUS9cnSbPWVaZLvE+Er3tLqQFzWMz9JOfWW7XUmKvRPfxJfbl3qYWve+RGXncFw==",
      "dev": true,
      "license": "MIT",
      "dependencies": {
        "undici-types": "~6.20.0"
      }
    },
    "node_modules/asap": {
      "version": "2.0.6",
      "resolved": "https://registry.npmjs.org/asap/-/asap-2.0.6.tgz",
      "integrity": "sha512-BSHWgDSAiKs50o2Re8ppvp3seVHXSRM44cdSsT9FfNEUUZLOGWVCsiWaRPWM1Znn+mqZ1OfVZ3z3DWEzSp7hRA==",
      "license": "MIT"
    },
    "node_modules/async-compat": {
      "version": "1.6.5",
      "resolved": "https://registry.npmjs.org/async-compat/-/async-compat-1.6.5.tgz",
      "integrity": "sha512-o1HWJoGKZrYDXJ0/S9QuGhcHFKtTKfzZIxDCu292ZZ2Ry7bPZQl5JJFxnmJb/72aJU0oNQKSq6QgQYxJJLvOlg==",
      "license": "MIT",
      "dependencies": {
        "is-error": "^2.2.2",
        "is-promise": "^4.0.0"
      },
      "engines": {
        "node": ">=0.8"
      }
    },
    "node_modules/call-once-fn": {
      "version": "1.0.12",
      "resolved": "https://registry.npmjs.org/call-once-fn/-/call-once-fn-1.0.12.tgz",
      "integrity": "sha512-Z/th0sgLZVmYBApsctpoS2Jd/gJKIFBcAX4JFOQowpz4ApAxgJGa1jR4wLqI1ODWjI1KMjcqIxcR3q/RDqDHtw==",
      "license": "MIT",
      "engines": {
        "node": ">=0.8"
      }
    },
    "node_modules/fifo": {
      "version": "2.4.1",
      "resolved": "https://registry.npmjs.org/fifo/-/fifo-2.4.1.tgz",
      "integrity": "sha512-XTbUCNmo54Jav0hcL6VxDuY4x1eCQH61HEF80C2Oww283pfjQ2C8avZeyq4v43sW2S2403kmzssE9j4lbF66Sg==",
      "license": "MIT"
    },
    "node_modules/fs-generate": {
      "version": "1.9.12",
      "resolved": "https://registry.npmjs.org/fs-generate/-/fs-generate-1.9.12.tgz",
      "integrity": "sha512-7kO6lm6wBOolfyq7y1dWHQ+5E2lKVU+bHv9wQpL3N3BW7wMl06RkeVVxwgktlMEPfq/ZS+eaXUpnE7rx2PwkKQ==",
      "dev": true,
      "license": "MIT",
      "dependencies": {
        "fs.realpath": "^1.0.0",
        "graceful-fs": "^4.2.11",
        "mkdirp-classic": "^0.5.3",
        "pinkie-promise": "*",
        "queue-cb": "^1.4.13",
        "rimraf2": "^2.8.2"
      },
      "engines": {
        "node": ">=0.8"
      }
    },
    "node_modules/fs-iterator": {
      "version": "5.2.18",
      "resolved": "https://registry.npmjs.org/fs-iterator/-/fs-iterator-5.2.18.tgz",
      "integrity": "sha512-ebUl9/+iG0ykO+XCCN65iVqN2PINEQnDc6yfA3ClSrJ5anUwxM7RDHASsgFbdPnBDxsrH9xpHnfnTx62OdfoIw==",
      "license": "MIT",
      "dependencies": {
        "async-compat": "^1.6.5",
        "fifo": "^2.4.1",
        "fs.realpath": "^1.0.0",
        "stack-base-iterator": "^1.1.16"
      },
      "engines": {
        "node": ">=0.8"
      }
    },
    "node_modules/fs-stats-spys": {
      "version": "1.1.12",
      "resolved": "https://registry.npmjs.org/fs-stats-spys/-/fs-stats-spys-1.1.12.tgz",
      "integrity": "sha512-IL7LiKB3IKKcfomISX1KTjnWXUfBvmtb08t3kMOa7UWd2dg/9GeVWKH5Jwmv/B1jq/AdhtGNKh8Cl/+9B3Wfvw==",
      "license": "MIT",
      "engines": {
        "node": ">=0.8"
      }
    },
    "node_modules/fs.realpath": {
      "version": "1.0.0",
      "resolved": "https://registry.npmjs.org/fs.realpath/-/fs.realpath-1.0.0.tgz",
      "integrity": "sha512-OO0pH2lK6a0hZnAdau5ItzHPI6pUlvI7jMVnxUQRtw4owF2wk8lOSabtGDCTP4Ggrg2MbGnWO9X8K1t4+fGMDw==",
      "license": "ISC"
    },
    "node_modules/graceful-fs": {
      "version": "4.2.11",
      "resolved": "https://registry.npmjs.org/graceful-fs/-/graceful-fs-4.2.11.tgz",
      "integrity": "sha512-RbJ5/jmFcNNCcDV5o9eTnBLJ/HszWV0P73bc+Ff4nS/rJj+YaS6IGyiOL0VoBYX+l1Wrl3k63h/KrH+nhJ0XvQ==",
      "dev": true,
      "license": "ISC"
    },
    "node_modules/is-error": {
      "version": "2.2.2",
      "resolved": "https://registry.npmjs.org/is-error/-/is-error-2.2.2.tgz",
      "integrity": "sha512-IOQqts/aHWbiisY5DuPJQ0gcbvaLFCa7fBa9xoLfxBZvQ+ZI/Zh9xoI7Gk+G64N0FdK4AbibytHht2tWgpJWLg==",
      "license": "MIT"
    },
    "node_modules/is-promise": {
      "version": "4.0.0",
      "resolved": "https://registry.npmjs.org/is-promise/-/is-promise-4.0.0.tgz",
      "integrity": "sha512-hvpoI6korhJMnej285dSg6nu1+e6uxs7zG3BYAm5byqDsgJNWwxzM6z6iZiAgQR4TJ30JmBTOwqZUw3WlyH3AQ==",
      "license": "MIT"
    },
    "node_modules/mkdirp-classic": {
      "version": "0.5.3",
      "resolved": "https://registry.npmjs.org/mkdirp-classic/-/mkdirp-classic-0.5.3.tgz",
      "integrity": "sha512-gKLcREMhtuZRwRAfqP3RFW+TK4JqApVBtOIftVgjuABpAtpxhPGaDcfvbhNvD0B8iD1oUr/txX35NjcaY6Ns/A==",
      "dev": true,
      "license": "MIT"
    },
    "node_modules/pinkie": {
      "version": "2.0.4",
      "resolved": "https://registry.npmjs.org/pinkie/-/pinkie-2.0.4.tgz",
      "integrity": "sha512-MnUuEycAemtSaeFSjXKW/aroV7akBbY+Sv+RkyqFjgAe73F+MR0TBWKBRDkmfWq/HiFmdavfZ1G7h4SPZXaCSg==",
      "dev": true,
      "license": "MIT",
      "engines": {
        "node": ">=0.10.0"
      }
    },
    "node_modules/pinkie-promise": {
      "version": "2.0.1",
      "resolved": "https://registry.npmjs.org/pinkie-promise/-/pinkie-promise-2.0.1.tgz",
      "integrity": "sha512-0Gni6D4UcLTbv9c57DfxDGdr41XfgUjqWZu492f0cIGr16zDU06BWP/RAEvOuo7CQ0CNjHaLlM59YJJFm3NWlw==",
      "dev": true,
      "license": "MIT",
      "dependencies": {
        "pinkie": "^2.0.0"
      },
      "engines": {
        "node": ">=0.10.0"
      }
    },
    "node_modules/queue-cb": {
      "version": "1.4.13",
      "resolved": "https://registry.npmjs.org/queue-cb/-/queue-cb-1.4.13.tgz",
      "integrity": "sha512-8bYDXaBsisSFpOyeOlQjCHGrCwha61RtjFJNEem4SLBwA9XH/524TxQ6gtMTAimbbsHVyLeYCZ1OTtOcc2/W9w==",
      "dev": true,
      "license": "MIT",
      "engines": {
        "node": ">=0.8"
      }
    },
    "node_modules/rimraf2": {
      "version": "2.8.2",
      "resolved": "https://registry.npmjs.org/rimraf2/-/rimraf2-2.8.2.tgz",
      "integrity": "sha512-Bz7P3Zu6lEpek5LduIqg5A2mRu8kCllR+rGYofqq9bRRiHC9m+Py/EiINPt9iu/XOqQ//Q++XSka7EwL3K3Chw==",
      "dev": true,
      "license": "ISC",
      "bin": {
        "rimraf2": "bin.js"
      },
      "peerDependencies": {
        "glob": "*"
      },
      "peerDependenciesMeta": {
        "glob": {
          "optional": true
        }
      }
    },
    "node_modules/stack-base-iterator": {
      "version": "1.1.16",
      "resolved": "https://registry.npmjs.org/stack-base-iterator/-/stack-base-iterator-1.1.16.tgz",
      "integrity": "sha512-rPYX8gP4UryJyfQdNlIW81/dqQXlRIWwkyKaGQlSdsjMM2uiNmHtiT7nbqFRWTsn5VWPFl9BqWT/0Hxiv24iQg==",
      "license": "MIT",
      "dependencies": {
        "asap": "^2.0.6",
        "async-compat": "^1.6.5",
        "call-once-fn": "^1.0.12",
        "fifo": "^2.4.1"
      },
      "engines": {
        "node": ">=0.8"
      }
    },
    "node_modules/starts-with": {
      "version": "1.0.2",
      "resolved": "https://registry.npmjs.org/starts-with/-/starts-with-1.0.2.tgz",
      "integrity": "sha512-QUw5X+IMTGDm1nrdowEdDaA0MNiUmRlQFwpTTXmhuPKQc+7b0h8fOHtlt1zZqcEK5x1Fsitrobo7KEusc+d1rg==",
      "dev": true,
      "license": "MIT"
    },
    "node_modules/undici-types": {
      "version": "6.20.0",
      "resolved": "https://registry.npmjs.org/undici-types/-/undici-types-6.20.0.tgz",
      "integrity": "sha512-Ny6QZ2Nju20vw1SRHe3d9jVu6gJ+4e3+MMpqu7pqE5HT6WsTSlce++GQmK5UXS8mzV8DSYHrQH+Xrf2jVcuKNg==",
      "dev": true,
      "license": "MIT"
    }
  }
}
