{
  "name": "walk-filtered",
  "version": "2.8.5",
  "lockfileVersion": 3,
  "requires": true,
  "packages": {
    "": {
      "name": "walk-filtered",
      "version": "2.8.5",
      "license": "MIT",
      "dependencies": {
        "fs-iterator": "*",
        "fs-stats-spys": "*"
      },
      "devDependencies": {
        "@types/mocha": "*",
        "@types/node": "*",
        "fs-generate": "*",
        "pinkie-promise": "*",
        "rimraf2": "*",
        "starts-with": "*"
      },
      "engines": {
        "node": ">=0.8"
      }
    },
    "node_modules/@types/mocha": {
      "version": "10.0.10",
      "resolved": "https://registry.npmjs.org/@types/mocha/-/mocha-10.0.10.tgz",
      "integrity": "sha512-xPyYSz1cMPnJQhl0CLMH68j3gprKZaTjG3s5Vi+fDgx+uhG9NOXwbVt52eFS8ECyXhyKcjDLCBEqBExKuiZb7Q==",
      "dev": true,
      "license": "MIT"
    },
    "node_modules/@types/node": {
      "version": "24.10.0",
      "resolved": "https://registry.npmjs.org/@types/node/-/node-24.10.0.tgz",
      "integrity": "sha512-qzQZRBqkFsYyaSWXuEHc2WR9c0a0CXwiE5FWUvn7ZM+vdy1uZLfCunD38UzhuB7YN/J11ndbDBcTmOdxJo9Q7A==",
      "dev": true,
      "license": "MIT",
      "dependencies": {
        "undici-types": "~7.16.0"
      }
    },
    "node_modules/async-compat": {
      "version": "1.7.3",
      "resolved": "https://registry.npmjs.org/async-compat/-/async-compat-1.7.3.tgz",
      "integrity": "sha512-cCNZgsdFVbFDydvMvk0tWqyuI1mhUvH2ymdtYjlF/A9S3+65FtTV+lEt5uxdWYZkxlEjsFSRY702LNXZxRSwUg==",
      "license": "MIT",
      "dependencies": {
        "is-error": "*",
        "is-promise": "*"
      },
      "engines": {
        "node": ">=0.8"
      }
    },
    "node_modules/fs-generate": {
      "version": "1.10.3",
      "resolved": "https://registry.npmjs.org/fs-generate/-/fs-generate-1.10.3.tgz",
      "integrity": "sha512-I04ImcTcZ613TxtkH7wsXKfVGPZ+WAkBw1tH4xm8VmQaDWuRZTKeAz5aUewUONl0H/8CvooLFzo7s+ItqItfKw==",
      "dev": true,
      "license": "MIT",
      "dependencies": {
        "fs.realpath": "*",
        "graceful-fs": "*",
        "mkdirp-classic": "*",
        "pinkie-promise": "*",
        "queue-cb": "*",
        "rimraf2": "*"
      },
      "engines": {
        "node": ">=0.8"
      }
    },
    "node_modules/fs-iterator": {
      "version": "6.1.5",
      "resolved": "https://registry.npmjs.org/fs-iterator/-/fs-iterator-6.1.5.tgz",
      "integrity": "sha512-yErr8dRj9o+VtI0jtSTiTmCdkSMcRyntS0yQFvHdUzyTrT51MIIwODb4fr6iS59m7qhipSijgWdk8qDIc1HJ6g==",
      "license": "MIT",
      "dependencies": {
        "async-compat": "*",
        "fs.realpath": "*",
        "stack-base-iterator": "*"
      },
      "engines": {
        "node": ">=0.8"
      }
    },
    "node_modules/fs-stats-spys": {
      "version": "1.2.2",
      "resolved": "https://registry.npmjs.org/fs-stats-spys/-/fs-stats-spys-1.2.2.tgz",
      "integrity": "sha512-+l2/iaB/NvBoWVcPLIDgQJ22ZTyYAX++G1FmLz7BBq9DsEf4kanfE0HBSgtKzFi/H+3DC5t8ZnYZQPRnV3lKug==",
      "license": "MIT",
      "engines": {
        "node": ">=0.8"
      }
    },
    "node_modules/fs.realpath": {
      "version": "1.0.0",
      "resolved": "https://registry.npmjs.org/fs.realpath/-/fs.realpath-1.0.0.tgz",
      "integrity": "sha512-OO0pH2lK6a0hZnAdau5ItzHPI6pUlvI7jMVnxUQRtw4owF2wk8lOSabtGDCTP4Ggrg2MbGnWO9X8K1t4+fGMDw==",
      "license": "ISC"
    },
    "node_modules/graceful-fs": {
      "version": "4.2.11",
      "resolved": "https://registry.npmjs.org/graceful-fs/-/graceful-fs-4.2.11.tgz",
      "integrity": "sha512-RbJ5/jmFcNNCcDV5o9eTnBLJ/HszWV0P73bc+Ff4nS/rJj+YaS6IGyiOL0VoBYX+l1Wrl3k63h/KrH+nhJ0XvQ==",
      "dev": true,
      "license": "ISC"
    },
    "node_modules/is-error": {
      "version": "2.2.2",
      "resolved": "https://registry.npmjs.org/is-error/-/is-error-2.2.2.tgz",
      "integrity": "sha512-IOQqts/aHWbiisY5DuPJQ0gcbvaLFCa7fBa9xoLfxBZvQ+ZI/Zh9xoI7Gk+G64N0FdK4AbibytHht2tWgpJWLg==",
      "license": "MIT"
    },
    "node_modules/is-promise": {
      "version": "4.0.0",
      "resolved": "https://registry.npmjs.org/is-promise/-/is-promise-4.0.0.tgz",
      "integrity": "sha512-hvpoI6korhJMnej285dSg6nu1+e6uxs7zG3BYAm5byqDsgJNWwxzM6z6iZiAgQR4TJ30JmBTOwqZUw3WlyH3AQ==",
      "license": "MIT"
    },
    "node_modules/iterator-next-callback": {
      "version": "2.0.6",
      "resolved": "https://registry.npmjs.org/iterator-next-callback/-/iterator-next-callback-2.0.6.tgz",
      "integrity": "sha512-fXjN1NYjnNTF3LaS2sy7N3wznjF1mfFerys2dr5C/E6izptdcHgeik1pF36Jpl92niT4UOSwlR0ob4Yx9YaCFA==",
      "license": "MIT",
      "dependencies": {
        "is-promise": "*"
      },
      "engines": {
        "node": ">=0.8"
      }
    },
    "node_modules/maximize-iterator": {
      "version": "4.0.8",
      "resolved": "https://registry.npmjs.org/maximize-iterator/-/maximize-iterator-4.0.8.tgz",
      "integrity": "sha512-Qa4we5WAzJa3/GRWwc4go/MEmoc/NLK2ZLwEWVX5nBVtKficVj5QHyVmpBuQBOIJZbyFi8pJQ+QU7xzVog6sZg==",
      "license": "MIT",
      "dependencies": {
        "async-compat": "*",
        "iterator-next-callback": "*"
      },
      "engines": {
        "node": ">=0.8"
      }
    },
    "node_modules/mkdirp-classic": {
      "version": "0.5.3",
      "resolved": "https://registry.npmjs.org/mkdirp-classic/-/mkdirp-classic-0.5.3.tgz",
      "integrity": "sha512-gKLcREMhtuZRwRAfqP3RFW+TK4JqApVBtOIftVgjuABpAtpxhPGaDcfvbhNvD0B8iD1oUr/txX35NjcaY6Ns/A==",
      "dev": true,
      "license": "MIT"
    },
    "node_modules/pinkie": {
      "version": "2.0.4",
      "resolved": "https://registry.npmjs.org/pinkie/-/pinkie-2.0.4.tgz",
      "integrity": "sha512-MnUuEycAemtSaeFSjXKW/aroV7akBbY+Sv+RkyqFjgAe73F+MR0TBWKBRDkmfWq/HiFmdavfZ1G7h4SPZXaCSg==",
      "license": "MIT",
      "engines": {
        "node": ">=0.10.0"
      }
    },
    "node_modules/pinkie-promise": {
      "version": "2.0.1",
      "resolved": "https://registry.npmjs.org/pinkie-promise/-/pinkie-promise-2.0.1.tgz",
      "integrity": "sha512-0Gni6D4UcLTbv9c57DfxDGdr41XfgUjqWZu492f0cIGr16zDU06BWP/RAEvOuo7CQ0CNjHaLlM59YJJFm3NWlw==",
      "license": "MIT",
      "dependencies": {
        "pinkie": "^2.0.0"
      },
      "engines": {
        "node": ">=0.10.0"
      }
    },
    "node_modules/queue-cb": {
      "version": "1.5.7",
      "resolved": "https://registry.npmjs.org/queue-cb/-/queue-cb-1.5.7.tgz",
      "integrity": "sha512-iKD0Wrts97DZz4QBsbGQNC7J7TeUu7RxiUfjn3NUEolWtyEbQGA/IjIl3a64eq78MvvsLG1ycT9IYnpOK9/oHg==",
      "dev": true,
      "license": "MIT",
      "engines": {
        "node": ">=0.8"
      }
    },
    "node_modules/rimraf2": {
      "version": "2.8.2",
      "resolved": "https://registry.npmjs.org/rimraf2/-/rimraf2-2.8.2.tgz",
      "integrity": "sha512-Bz7P3Zu6lEpek5LduIqg5A2mRu8kCllR+rGYofqq9bRRiHC9m+Py/EiINPt9iu/XOqQ//Q++XSka7EwL3K3Chw==",
      "dev": true,
      "license": "ISC",
      "bin": {
        "rimraf2": "bin.js"
      },
      "peerDependencies": {
        "glob": "*"
      },
      "peerDependenciesMeta": {
        "glob": {
          "optional": true
        }
      }
    },
    "node_modules/stack-base-iterator": {
      "version": "2.1.6",
      "resolved": "https://registry.npmjs.org/stack-base-iterator/-/stack-base-iterator-2.1.6.tgz",
      "integrity": "sha512-euwkxkn8uLEZBAon0xm91sQRzmRnQ5nyL6Sgn04/D/SY4ob4HkydObM8go6TFtidYTSLX8QPnYsOlI1WWQRNbg==",
      "license": "MIT",
      "dependencies": {
        "async-compat": "*",
        "iterator-next-callback": "*",
        "maximize-iterator": "*",
        "pinkie-promise": "*"
      },
      "engines": {
        "node": ">=0.8"
      }
    },
    "node_modules/starts-with": {
      "version": "1.0.2",
      "resolved": "https://registry.npmjs.org/starts-with/-/starts-with-1.0.2.tgz",
      "integrity": "sha512-QUw5X+IMTGDm1nrdowEdDaA0MNiUmRlQFwpTTXmhuPKQc+7b0h8fOHtlt1zZqcEK5x1Fsitrobo7KEusc+d1rg==",
      "dev": true,
      "license": "MIT"
    },
    "node_modules/undici-types": {
      "version": "7.16.0",
      "resolved": "https://registry.npmjs.org/undici-types/-/undici-types-7.16.0.tgz",
      "integrity": "sha512-Zz+aZWSj8LE6zoxD+xrjh4VfkIG8Ya6LvYkZqtUQGJPZjYl53ypCaUwWqo7eI0x66KBGeRo+mlBEkMSeSZ38Nw==",
      "dev": true,
      "license": "MIT"
    }
  }
}
