{
  "name": "walk-filtered-performance",
  "version": "0.0.0",
  "lockfileVersion": 3,
  "requires": true,
  "packages": {
    "": {
      "name": "walk-filtered-performance",
      "version": "0.0.0",
      "license": "MIT",
      "dependencies": {
        "benchmark-suite": "^1.1.4",
        "walk-filtered-2.3.0": "npm:walk-filtered@2.6.3"
      },
      "engines": {
        "node": ">=8"
      }
    },
    "node_modules/asap": {
      "version": "2.0.6",
      "resolved": "https://registry.npmjs.org/asap/-/asap-2.0.6.tgz",
      "integrity": "sha512-BSHWgDSAiKs50o2Re8ppvp3seVHXSRM44cdSsT9FfNEUUZLOGWVCsiWaRPWM1Znn+mqZ1OfVZ3z3DWEzSp7hRA==",
      "license": "MIT"
    },
    "node_modules/async-compat": {
      "version": "1.5.3",
      "resolved": "https://registry.npmjs.org/async-compat/-/async-compat-1.5.3.tgz",
      "integrity": "sha512-V1f5Sne1GSL4RoNpdQPJnMwwikYtHY36i0d9yzHUOxLxFMhrBaxc6yaQvJMMCKrV39mTRuGykN937R9+R2I+Bg==",
      "license": "MIT",
      "dependencies": {
        "is-error": "^2.2.2",
        "is-promise": "^4.0.0"
      },
      "engines": {
        "node": ">=0.8"
      }
    },
    "node_modules/benchmark-suite": {
      "version": "1.1.4",
      "resolved": "https://registry.npmjs.org/benchmark-suite/-/benchmark-suite-1.1.4.tgz",
      "integrity": "sha512-/jX65j65ChC2hyL1GkfJWY364OzUJMCZXV5UBBcZfcIyUihO/RMs3mcbTNQyb0bSPzpNdh6QdKLHIl4bdpmfKw==",
      "license": "MIT",
      "dependencies": {
        "eventemitter3": "^5.0.1",
        "expose-gc": "^1.0.0",
        "human-format": "^1.2.1",
        "pretty-bytes": "^5.6.0",
        "stats-accumulator": "^1.2.2"
      },
      "engines": {
        "node": ">=8"
      }
    },
    "node_modules/call-once-fn": {
      "version": "1.0.4",
      "resolved": "https://registry.npmjs.org/call-once-fn/-/call-once-fn-1.0.4.tgz",
      "integrity": "sha512-kmQay+p+Q97cC+l0kqFZ1DYv0sjn1B1b1Tcr7/0mCvyoKxiUbdMNnHzJ/KT+yfDJGLmr98SyVyPI4VboSGQmfg==",
      "license": "MIT",
      "engines": {
        "node": ">=0.8"
      }
    },
    "node_modules/eventemitter3": {
      "version": "5.0.1",
      "resolved": "https://registry.npmjs.org/eventemitter3/-/eventemitter3-5.0.1.tgz",
      "integrity": "sha512-GWkBvjiSZK87ELrYOSESUYeVIc9mvLLf/nXalMOS5dYrgZq9o5OVkbZAVM06CVxYsCwH9BDZFPlQTlPA1j4ahA==",
      "license": "MIT"
    },
    "node_modules/expose-gc": {
      "version": "1.0.0",
      "resolved": "https://registry.npmjs.org/expose-gc/-/expose-gc-1.0.0.tgz",
      "integrity": "sha512-ecOHrdm+zyOCGIwX18/1RHkUWgxDqGGRiGhaNC+42jReTtudbm2ID/DMa/wpaHwqy5YQHPZvsDqRM2F2iZ0uVA==",
      "license": "MIT",
      "engines": {
        "node": ">=4"
      }
    },
    "node_modules/fifo": {
      "version": "2.4.1",
      "resolved": "https://registry.npmjs.org/fifo/-/fifo-2.4.1.tgz",
      "integrity": "sha512-XTbUCNmo54Jav0hcL6VxDuY4x1eCQH61HEF80C2Oww283pfjQ2C8avZeyq4v43sW2S2403kmzssE9j4lbF66Sg==",
      "license": "MIT"
    },
    "node_modules/fs-iterator": {
      "version": "5.2.3",
      "resolved": "https://registry.npmjs.org/fs-iterator/-/fs-iterator-5.2.3.tgz",
      "integrity": "sha512-mfk69V4MqpHhjBgHxnrQQgXgjzau2Xs9UgrnXQjkpZzS/JutRsG8q6QNCMQefyZ91tlcO/3pGQZmE9DWCSv3Sg==",
      "license": "MIT",
      "dependencies": {
        "async-compat": "^1.5.2",
        "fifo": "^2.4.1",
        "fs.realpath": "^1.0.0",
        "stack-base-iterator": "^1.1.6"
      },
      "engines": {
        "node": ">=0.8"
      }
    },
    "node_modules/fs-stats-spys": {
      "version": "1.1.2",
      "resolved": "https://registry.npmjs.org/fs-stats-spys/-/fs-stats-spys-1.1.2.tgz",
      "integrity": "sha512-sWazYowMT5cLXwThyKqj8CyUxmmMiODvagmw6lnYV0bzXPnIzhoLQfBzzVx03kOjlEtV/g5Q5BaFlSrwhZ/U7g==",
      "license": "MIT",
      "engines": {
        "node": ">=0.8"
      }
    },
    "node_modules/fs.realpath": {
      "version": "1.0.0",
      "resolved": "https://registry.npmjs.org/fs.realpath/-/fs.realpath-1.0.0.tgz",
      "integrity": "sha512-OO0pH2lK6a0hZnAdau5ItzHPI6pUlvI7jMVnxUQRtw4owF2wk8lOSabtGDCTP4Ggrg2MbGnWO9X8K1t4+fGMDw==",
      "license": "ISC"
    },
    "node_modules/human-format": {
      "version": "1.2.1",
      "resolved": "https://registry.npmjs.org/human-format/-/human-format-1.2.1.tgz",
      "integrity": "sha512-o5Ldz62VWR5lYUZ8aVQaLKiN37NsHnmk3xjMoUjza3mGkk8MvMofgZT0T6HKSCKSJIir+AWk9Dx8KhxvZAUgCg==",
      "license": "ISC",
      "engines": {
        "node": ">=4"
      }
    },
    "node_modules/is-error": {
      "version": "2.2.2",
      "resolved": "https://registry.npmjs.org/is-error/-/is-error-2.2.2.tgz",
      "integrity": "sha512-IOQqts/aHWbiisY5DuPJQ0gcbvaLFCa7fBa9xoLfxBZvQ+ZI/Zh9xoI7Gk+G64N0FdK4AbibytHht2tWgpJWLg==",
      "license": "MIT"
    },
    "node_modules/is-promise": {
      "version": "4.0.0",
      "resolved": "https://registry.npmjs.org/is-promise/-/is-promise-4.0.0.tgz",
      "integrity": "sha512-hvpoI6korhJMnej285dSg6nu1+e6uxs7zG3BYAm5byqDsgJNWwxzM6z6iZiAgQR4TJ30JmBTOwqZUw3WlyH3AQ==",
      "license": "MIT"
    },
    "node_modules/pretty-bytes": {
      "version": "5.6.0",
      "resolved": "https://registry.npmjs.org/pretty-bytes/-/pretty-bytes-5.6.0.tgz",
      "integrity": "sha512-FFw039TmrBqFK8ma/7OL3sDz/VytdtJr044/QUJtH0wK9lb9jLq9tJyIxUwtQJHwar2BqtiA4iCWSwo9JLkzFg==",
      "license": "MIT",
      "engines": {
        "node": ">=6"
      },
      "funding": {
        "url": "https://github.com/sponsors/sindresorhus"
      }
    },
    "node_modules/stack-base-iterator": {
      "version": "1.1.6",
      "resolved": "https://registry.npmjs.org/stack-base-iterator/-/stack-base-iterator-1.1.6.tgz",
      "integrity": "sha512-TCxUiNhSb7DTxHuYhG+ARyoIcZoCejOZv52eyYQePPz5FF9A6ZuJKnKSoHDPAqvbg5gywfL2Hd07kQmvoc05uQ==",
      "license": "MIT",
      "dependencies": {
        "asap": "^2.0.6",
        "async-compat": "^1.5.2",
        "call-once-fn": "^1.0.3",
        "fifo": "^2.4.1"
      },
      "engines": {
        "node": ">=0.8"
      }
    },
    "node_modules/stats-accumulator": {
      "version": "1.2.2",
      "resolved": "https://registry.npmjs.org/stats-accumulator/-/stats-accumulator-1.2.2.tgz",
      "integrity": "sha512-a4awBIt8cxMV/jESPqi8Jvfeg4HT0XwH416i8TdqSqORX+44li88X5+FUmgePSY4fSSe8Mo8AMOD5dEWD2Ehfg==",
      "license": "MIT",
      "engines": {
        "node": ">=0.8"
      }
    },
    "node_modules/walk-filtered-2.3.0": {
      "name": "walk-filtered",
      "version": "2.6.3",
      "resolved": "https://registry.npmjs.org/walk-filtered/-/walk-filtered-2.6.3.tgz",
      "integrity": "sha512-c/lhknQEdfbGKt5/SYhdN/6oXvDy7JS1ggNWb+J6q8Vezfa/4tK2WE1/gJAfZ+F7Tjz3lREQ/zaqLgcB8Mlg2A==",
      "license": "MIT",
      "dependencies": {
        "fs-iterator": "^5.2.2",
        "fs-stats-spys": "^1.1.1"
      },
      "engines": {
        "node": ">=0.8"
      }
    }
  }
}
