{
  "name": "walk-filtered-performance",
  "version": "0.0.0",
  "lockfileVersion": 3,
  "requires": true,
  "packages": {
    "": {
      "name": "walk-filtered-performance",
      "version": "0.0.0",
      "license": "MIT",
      "dependencies": {
        "benchmark-suite": "^1.1.0",
        "walk-filtered-2.3.0": "npm:walk-filtered@2.5.2"
      },
      "engines": {
        "node": ">=8"
      }
    },
    "node_modules/async-compat": {
      "version": "1.4.7",
      "resolved": "https://registry.npmjs.org/async-compat/-/async-compat-1.4.7.tgz",
      "integrity": "sha512-DzJRBBF6Q+AJYuAnFXflE5P0FEkJ7oKMOOR4YhzMNZsDnXOSUdCpYt+PpbCGrljempC3hujxy48rHBcBAWdr7g==",
      "license": "MIT",
      "dependencies": {
        "is-error": "^2.2.2",
        "is-promise": "^4.0.0"
      },
      "engines": {
        "node": ">=0.8"
      }
    },
    "node_modules/benchmark-suite": {
      "version": "1.1.0",
      "resolved": "https://registry.npmjs.org/benchmark-suite/-/benchmark-suite-1.1.0.tgz",
      "integrity": "sha512-FL1AcjqmWJ6I2iq19lkL4/eCeve/YQaYO40Pg0r2CIKsxM61d6UyCXQuH6GWjvi4YYBv83bX2aW+hBGxrLNtMw==",
      "license": "MIT",
      "dependencies": {
        "eventemitter3": "^5.0.1",
        "expose-gc": "^1.0.0",
        "human-format": "^1.2.0",
        "pretty-bytes": "^5.6.0",
        "stats-accumulator": "^1.2.0"
      },
      "engines": {
        "node": ">=8"
      }
    },
    "node_modules/diff": {
      "version": "3.5.0",
      "resolved": "https://registry.npmjs.org/diff/-/diff-3.5.0.tgz",
      "integrity": "sha512-A46qtFgd+g7pDZinpnwiRJtxbC1hpgf0uzP3iG89scHk0AUC7A1TGxf5OiiOUv/JMZR8GOt8hL900hV0bOy5xA==",
      "license": "BSD-3-Clause",
      "engines": {
        "node": ">=0.3.1"
      }
    },
    "node_modules/eventemitter3": {
      "version": "5.0.1",
      "resolved": "https://registry.npmjs.org/eventemitter3/-/eventemitter3-5.0.1.tgz",
      "integrity": "sha512-GWkBvjiSZK87ELrYOSESUYeVIc9mvLLf/nXalMOS5dYrgZq9o5OVkbZAVM06CVxYsCwH9BDZFPlQTlPA1j4ahA==",
      "license": "MIT"
    },
    "node_modules/expose-gc": {
      "version": "1.0.0",
      "resolved": "https://registry.npmjs.org/expose-gc/-/expose-gc-1.0.0.tgz",
      "integrity": "sha512-ecOHrdm+zyOCGIwX18/1RHkUWgxDqGGRiGhaNC+42jReTtudbm2ID/DMa/wpaHwqy5YQHPZvsDqRM2F2iZ0uVA==",
      "license": "MIT",
      "engines": {
        "node": ">=4"
      }
    },
    "node_modules/fifo": {
      "version": "2.4.1",
      "resolved": "https://registry.npmjs.org/fifo/-/fifo-2.4.1.tgz",
      "integrity": "sha512-XTbUCNmo54Jav0hcL6VxDuY4x1eCQH61HEF80C2Oww283pfjQ2C8avZeyq4v43sW2S2403kmzssE9j4lbF66Sg==",
      "license": "MIT"
    },
    "node_modules/formatio": {
      "version": "1.2.0",
      "resolved": "https://registry.npmjs.org/formatio/-/formatio-1.2.0.tgz",
      "integrity": "sha512-YAF05v8+XCxAyHOdiiAmHdgCVPrWO8X744fYIPtBciIorh5LndWfi1gjeJ16sTbJhzek9kd+j3YByhohtz5Wmg==",
      "deprecated": "This package is unmaintained. Use @sinonjs/formatio instead",
      "license": "BSD-3-Clause",
      "dependencies": {
        "samsam": "1.x"
      }
    },
    "node_modules/fs-iterator": {
      "version": "4.2.0",
      "resolved": "https://registry.npmjs.org/fs-iterator/-/fs-iterator-4.2.0.tgz",
      "integrity": "sha512-m8nk55/33bBmepWbhxoAdUuYhIG90fCx3ZgG/Bzgv6HiJ84j6BJKH+K+kesEQJsi5xkeBcAQJB0a4MWoUqJFvw==",
      "license": "MIT",
      "dependencies": {
        "async-compat": "^1.4.7",
        "fifo": "^2.4.1",
        "fs.realpath": "^1.0.0",
        "inherits": "^2.0.4",
        "stack-base-iterator": "^1.0.0"
      },
      "engines": {
        "node": ">=0.8"
      }
    },
    "node_modules/fs-stats-spys": {
      "version": "1.0.2",
      "resolved": "https://registry.npmjs.org/fs-stats-spys/-/fs-stats-spys-1.0.2.tgz",
      "integrity": "sha512-ma/lWc6c+HozHwaLKFFgvQ38nUsS6twc9cYj0SvgYP+LLrX4rR3z5TVYC78iE0UaOCt0AwJHKq7l384L1evTRg==",
      "license": "MIT",
      "dependencies": {
        "sinon": "^2.4.1"
      },
      "engines": {
        "node": ">=0.8"
      }
    },
    "node_modules/fs.realpath": {
      "version": "1.0.0",
      "resolved": "https://registry.npmjs.org/fs.realpath/-/fs.realpath-1.0.0.tgz",
      "integrity": "sha512-OO0pH2lK6a0hZnAdau5ItzHPI6pUlvI7jMVnxUQRtw4owF2wk8lOSabtGDCTP4Ggrg2MbGnWO9X8K1t4+fGMDw==",
      "license": "ISC"
    },
    "node_modules/human-format": {
      "version": "1.2.1",
      "resolved": "https://registry.npmjs.org/human-format/-/human-format-1.2.1.tgz",
      "integrity": "sha512-o5Ldz62VWR5lYUZ8aVQaLKiN37NsHnmk3xjMoUjza3mGkk8MvMofgZT0T6HKSCKSJIir+AWk9Dx8KhxvZAUgCg==",
      "license": "ISC",
      "engines": {
        "node": ">=4"
      }
    },
    "node_modules/inherits": {
      "version": "2.0.4",
      "resolved": "https://registry.npmjs.org/inherits/-/inherits-2.0.4.tgz",
      "integrity": "sha512-k/vGaX4/Yla3WzyMCvTQOXYeIHvqOKtnqBduzTHpzpQZzAskKMhZ2K+EnBiSM9zGSoIFeMpXKxa4dYeZIQqewQ==",
      "license": "ISC"
    },
    "node_modules/is-error": {
      "version": "2.2.2",
      "resolved": "https://registry.npmjs.org/is-error/-/is-error-2.2.2.tgz",
      "integrity": "sha512-IOQqts/aHWbiisY5DuPJQ0gcbvaLFCa7fBa9xoLfxBZvQ+ZI/Zh9xoI7Gk+G64N0FdK4AbibytHht2tWgpJWLg==",
      "license": "MIT"
    },
    "node_modules/is-promise": {
      "version": "4.0.0",
      "resolved": "https://registry.npmjs.org/is-promise/-/is-promise-4.0.0.tgz",
      "integrity": "sha512-hvpoI6korhJMnej285dSg6nu1+e6uxs7zG3BYAm5byqDsgJNWwxzM6z6iZiAgQR4TJ30JmBTOwqZUw3WlyH3AQ==",
      "license": "MIT"
    },
    "node_modules/isarray": {
      "version": "0.0.1",
      "resolved": "https://registry.npmjs.org/isarray/-/isarray-0.0.1.tgz",
      "integrity": "sha512-D2S+3GLxWH+uhrNEcoh/fnmYeP8E8/zHl644d/jdA0g2uyXvy3sb0qxotE+ne0LtccHknQzWwZEzhak7oJ0COQ==",
      "license": "MIT"
    },
    "node_modules/lolex": {
      "version": "1.6.0",
      "resolved": "https://registry.npmjs.org/lolex/-/lolex-1.6.0.tgz",
      "integrity": "sha512-/bpxDL56TG5LS5zoXxKqA6Ro5tkOS5M8cm/7yQcwLIKIcM2HR5fjjNCaIhJNv96SEk4hNGSafYMZK42Xv5fihQ==",
      "license": "BSD-3-Clause"
    },
    "node_modules/native-promise-only": {
      "version": "0.8.1",
      "resolved": "https://registry.npmjs.org/native-promise-only/-/native-promise-only-0.8.1.tgz",
      "integrity": "sha512-zkVhZUA3y8mbz652WrL5x0fB0ehrBkulWT3TomAQ9iDtyXZvzKeEA6GPxAItBYeNYl5yngKRX612qHOhvMkDeg==",
      "license": "MIT"
    },
    "node_modules/once": {
      "version": "1.4.0",
      "resolved": "https://registry.npmjs.org/once/-/once-1.4.0.tgz",
      "integrity": "sha512-lNaJgI+2Q5URQBkccEKHTQOPaXdUxnZZElQTZY0MFUAuaEqe1E+Nyvgdz/aIyNi6Z9MzO5dv1H8n58/GELp3+w==",
      "license": "ISC",
      "dependencies": {
        "wrappy": "1"
      }
    },
    "node_modules/path-to-regexp": {
      "version": "1.9.0",
      "resolved": "https://registry.npmjs.org/path-to-regexp/-/path-to-regexp-1.9.0.tgz",
      "integrity": "sha512-xIp7/apCFJuUHdDLWe8O1HIkb0kQrOMb/0u6FXQjemHn/ii5LrIzU6bdECnsiTF/GjZkMEKg1xdiZwNqDYlZ6g==",
      "license": "MIT",
      "dependencies": {
        "isarray": "0.0.1"
      }
    },
    "node_modules/pretty-bytes": {
      "version": "5.6.0",
      "resolved": "https://registry.npmjs.org/pretty-bytes/-/pretty-bytes-5.6.0.tgz",
      "integrity": "sha512-FFw039TmrBqFK8ma/7OL3sDz/VytdtJr044/QUJtH0wK9lb9jLq9tJyIxUwtQJHwar2BqtiA4iCWSwo9JLkzFg==",
      "license": "MIT",
      "engines": {
        "node": ">=6"
      },
      "funding": {
        "url": "https://github.com/sponsors/sindresorhus"
      }
    },
    "node_modules/samsam": {
      "version": "1.3.0",
      "resolved": "https://registry.npmjs.org/samsam/-/samsam-1.3.0.tgz",
      "integrity": "sha512-1HwIYD/8UlOtFS3QO3w7ey+SdSDFE4HRNLZoZRYVQefrOY3l17epswImeB1ijgJFQJodIaHcwkp3r/myBjFVbg==",
      "deprecated": "This package has been deprecated in favour of @sinonjs/samsam",
      "license": "BSD-3-Clause"
    },
    "node_modules/sinon": {
      "version": "2.4.1",
      "resolved": "https://registry.npmjs.org/sinon/-/sinon-2.4.1.tgz",
      "integrity": "sha512-vFTrO9Wt0ECffDYIPSP/E5bBugt0UjcBQOfQUMh66xzkyPEnhl/vM2LRZi2ajuTdkH07sA6DzrM6KvdvGIH8xw==",
      "deprecated": "16.1.1",
      "license": "BSD-3-Clause",
      "dependencies": {
        "diff": "^3.1.0",
        "formatio": "1.2.0",
        "lolex": "^1.6.0",
        "native-promise-only": "^0.8.1",
        "path-to-regexp": "^1.7.0",
        "samsam": "^1.1.3",
        "text-encoding": "0.6.4",
        "type-detect": "^4.0.0"
      },
      "engines": {
        "node": ">=0.1.103"
      }
    },
    "node_modules/stack-base-iterator": {
      "version": "1.1.1",
      "resolved": "https://registry.npmjs.org/stack-base-iterator/-/stack-base-iterator-1.1.1.tgz",
      "integrity": "sha512-1mNThtigubwfisTX+RwMXahSxLch7quWujkD0ef957UD/5STUrnl3TQM/Kspwqm5tokJ9eOukDUkOGroigh3Kw==",
      "license": "MIT",
      "dependencies": {
        "async-compat": "^1.4.7",
        "fifo": "^2.4.1",
        "once": "^1.4.0"
      },
      "engines": {
        "node": ">=0.8"
      }
    },
    "node_modules/stats-accumulator": {
      "version": "1.2.0",
      "resolved": "https://registry.npmjs.org/stats-accumulator/-/stats-accumulator-1.2.0.tgz",
      "integrity": "sha512-aUTkHWvO+G8IQdA3UlB3vqIeVUYo0lFNXvOxm1xIBVao47BLTwCXUBa6JCKRy2f/WMi00/epYwYpSI/OowqA2g==",
      "license": "MIT",
      "engines": {
        "node": ">=0.8"
      }
    },
    "node_modules/text-encoding": {
      "version": "0.6.4",
      "resolved": "https://registry.npmjs.org/text-encoding/-/text-encoding-0.6.4.tgz",
      "integrity": "sha512-hJnc6Qg3dWoOMkqP53F0dzRIgtmsAge09kxUIqGrEUS4qr5rWLckGYaQAVr+opBrIMRErGgy6f5aPnyPpyGRfg==",
      "deprecated": "no longer maintained",
      "license": "Unlicense"
    },
    "node_modules/type-detect": {
      "version": "4.1.0",
      "resolved": "https://registry.npmjs.org/type-detect/-/type-detect-4.1.0.tgz",
      "integrity": "sha512-Acylog8/luQ8L7il+geoSxhEkazvkslg7PSNKOX59mbB9cOveP5aq9h74Y7YU8yDpJwetzQQrfIwtf4Wp4LKcw==",
      "license": "MIT",
      "engines": {
        "node": ">=4"
      }
    },
    "node_modules/walk-filtered-2.3.0": {
      "name": "walk-filtered",
      "version": "2.5.2",
      "resolved": "https://registry.npmjs.org/walk-filtered/-/walk-filtered-2.5.2.tgz",
      "integrity": "sha512-bOi2sJPli7VBkjZHxL/az76fwUaaUi1/jnf5kF3gLMHV02/8ywqpleoqwdXLqHOtfhqBebq2iyjeCj4VfCT+iA==",
      "license": "MIT",
      "dependencies": {
        "fs-iterator": "^4.1.1",
        "fs-stats-spys": "^1.0.2"
      },
      "engines": {
        "node": ">=0.8"
      }
    },
    "node_modules/wrappy": {
      "version": "1.0.2",
      "resolved": "https://registry.npmjs.org/wrappy/-/wrappy-1.0.2.tgz",
      "integrity": "sha512-l4Sp/DRseor9wL6EvV2+TuQn63dMkPjZ/sp9XkghTEbV9KlPS1xUsZ3u7/IQO4wxtcFB4bgpQPRcR3QCvezPcQ==",
      "license": "ISC"
    }
  }
}
